<?xml version="1.0" encoding="utf-8"?>
<Project ToolsVersion="4.0" xmlns="http://schemas.microsoft.com/developer/msbuild/2003">
  <ItemGroup>
    <Filter Include="Arquivos de Origem">
      <UniqueIdentifier>{4FC737F1-C7A5-4376-A066-2A32D752A2FF}</UniqueIdentifier>
      <Extensions>cpp;c;cc;cxx;c++;cppm;ixx;def;odl;idl;hpj;bat;asm;asmx</Extensions>
    </Filter>
    <Filter Include="Arquivos de Cabeçalho">
      <UniqueIdentifier>{93995380-89BD-4b04-88EB-625FBE52EBFB}</UniqueIdentifier>
      <Extensions>h;hh;hpp;hxx;h++;hm;inl;inc;ipp;xsd</Extensions>
    </Filter>
    <Filter Include="Arquivos de Recurso">
      <UniqueIdentifier>{67DA6AB6-F800-4c08-8B7A-83BB121AAD01}</UniqueIdentifier>
      <Extensions>rc;ico;cur;bmp;dlg;rc2;rct;bin;rgs;gif;jpg;jpeg;jpe;resx;tiff;tif;png;wav;mfcribbon-ms</Extensions>
    </Filter>
  </ItemGroup>
  <ItemGroup>
    <ClCompile Include="src\Application.cpp">
      <Filter>Arquivos de Origem</Filter>
    </ClCompile>
  </ItemGroup>
  <ItemGroup>
    <ClInclude Include="Dependencies\GLEW\include\GL\eglew.h">
      <Filter>Arquivos de Cabeçalho</Filter>
    </ClInclude>
    <ClInclude Include="Dependencies\GLEW\include\GL\glew.h">
      <Filter>Arquivos de Cabeçalho</Filter>
    </ClInclude>
    <ClInclude Include="Dependencies\GLEW\include\GL\glxew.h">
      <Filter>Arquivos de Cabeçalho</Filter>
    </ClInclude>
    <ClInclude Include="Dependencies\GLEW\include\GL\wglew.h">
      <Filter>Arquivos de Cabeçalho</Filter>
    </ClInclude>
    <ClInclude Include="Dependencies\GLFW\include\GLFW\glfw3.h">
      <Filter>Arquivos de Cabeçalho</Filter>
    </ClInclude>
    <ClInclude Include="Dependencies\GLFW\include\GLFW\glfw3native.h">
      <Filter>Arquivos de Cabeçalho</Filter>
    </ClInclude>
    <ClInclude Include="src\Application.h">
      <Filter>Arquivos de Cabeçalho</Filter>
    </ClInclude>
  </ItemGroup>
  <ItemGroup>
    <Library Include="Dependencies\GLEW\lib\Release\Win32\glew32.lib" />
    <Library Include="Dependencies\GLEW\lib\Release\Win32\glew32s.lib" />
    <Library Include="Dependencies\GLFW\lib-vc2022\glfw3.lib" />
    <Library Include="Dependencies\GLFW\lib-vc2022\glfw3_mt.lib" />
    <Library Include="Dependencies\GLEW\lib\Release\x64\glew32.lib" />
    <Library Include="Dependencies\GLEW\lib\Release\x64\glew32s.lib" />
  </ItemGroup>
  <ItemGroup>
    <None Include="Dependencies\GLEW\doc\advanced.html" />
    <None Include="Dependencies\GLEW\doc\basic.html" />
    <None Include="Dependencies\GLEW\doc\build.html" />
    <None Include="Dependencies\GLEW\doc\credits.html" />
    <None Include="Dependencies\GLEW\doc\glew.html" />
    <None Include="Dependencies\GLEW\doc\glxew.html" />
    <None Include="Dependencies\GLEW\doc\index.html" />
    <None Include="Dependencies\GLEW\doc\install.html" />
    <None Include="Dependencies\GLEW\doc\log.html" />
    <None Include="Dependencies\GLEW\doc\wglew.html" />
    <None Include="Dependencies\GLEW\bin\Release\Win32\visualinfo.exe" />
    <None Include="Dependencies\GLEW\bin\Release\Win32\glew32.dll" />
    <None Include="Dependencies\GLEW\bin\Release\Win32\glewinfo.exe" />
    <None Include="Dependencies\GLEW\bin\Release\x64\glew32.dll" />
    <None Include="Dependencies\GLEW\bin\Release\x64\glewinfo.exe" />
    <None Include="Dependencies\GLEW\bin\Release\x64\visualinfo.exe" />
  </ItemGroup>
  <ItemGroup>
    <Text Include="Dependencies\GLEW\LICENSE.txt" />
  </ItemGroup>
</Project>